
Microsoft Visual Studio Solution File, Format Version 12.00
# Visual Studio 15
VisualStudioVersion = 15.0.28307.572
MinimumVisualStudioVersion = 10.0.40219.1
Project("{FAE04EC0-301F-11D3-BF4B-00C04F79EFBC}") = "Molly_MyFirstWebform", "Molly_MyFirstWebform\Molly_MyFirstWebform.csproj", "{56339765-A018-4BFE-B630-380A1C278021}"
EndProject
Global
	GlobalSection(SolutionConfigurationPlatforms) = preSolution
		Debug|Any CPU = Debug|Any CPU
		Release|Any CPU = Release|Any CPU
	EndGlobalSection
	GlobalSection(ProjectConfigurationPlatforms) = postSolution
		{56339765-A018-4BFE-B630-380A1C278021}.Debug|Any CPU.ActiveCfg = Debug|Any CPU
		{56339765-A018-4BFE-B630-380A1C278021}.Debug|Any CPU.Build.0 = Debug|Any CPU
		{56339765-A018-4BFE-B630-380A1C278021}.Release|Any CPU.ActiveCfg = Release|Any CPU
		{56339765-A018-4BFE-B630-380A1C278021}.Release|Any CPU.Build.0 = Release|Any CPU
	EndGlobalSection
	GlobalSection(SolutionProperties) = preSolution
		HideSolutionNode = FALSE
	EndGlobalSection
	GlobalSection(ExtensibilityGlobals) = postSolution
		SolutionGuid = {49978041-7644-4634-922D-A202D01A768F}
	EndGlobalSection
EndGlobal
